
Microsoft Visual Studio Solution File, Format Version 12.00
# Visual Studio Version 16
VisualStudioVersion = 16.0.30621.155
MinimumVisualStudioVersion = 10.0.40219.1
Project("{FAE04EC0-301F-11D3-BF4B-00C04F79EFBC}") = "Pharmacy", "Pharmacy\Pharmacy.csproj", "{D046F76D-8004-4630-B270-905EDBA94BAF}"
EndProject
Global
	GlobalSection(SolutionConfigurationPlatforms) = preSolution
		Debug|Any CPU = Debug|Any CPU
		Debug|x86 = Debug|x86
		Release|Any CPU = Release|Any CPU
		Release|x86 = Release|x86
	EndGlobalSection
	GlobalSection(ProjectConfigurationPlatforms) = postSolution
		{D046F76D-8004-4630-B270-905EDBA94BAF}.Debug|Any CPU.ActiveCfg = Release|Any CPU
		{D046F76D-8004-4630-B270-905EDBA94BAF}.Debug|Any CPU.Build.0 = Release|Any CPU
		{D046F76D-8004-4630-B270-905EDBA94BAF}.Debug|x86.ActiveCfg = Debug|Any CPU
		{D046F76D-8004-4630-B270-905EDBA94BAF}.Debug|x86.Build.0 = Debug|Any CPU
		{D046F76D-8004-4630-B270-905EDBA94BAF}.Release|Any CPU.ActiveCfg = Release|Any CPU
		{D046F76D-8004-4630-B270-905EDBA94BAF}.Release|Any CPU.Build.0 = Release|Any CPU
		{D046F76D-8004-4630-B270-905EDBA94BAF}.Release|x86.ActiveCfg = Release|x86
		{D046F76D-8004-4630-B270-905EDBA94BAF}.Release|x86.Build.0 = Release|x86
	EndGlobalSection
	GlobalSection(SolutionProperties) = preSolution
		HideSolutionNode = FALSE
	EndGlobalSection
	GlobalSection(ExtensibilityGlobals) = postSolution
		SolutionGuid = {0ED44747-AB62-4894-BE0A-CFB75F095302}
	EndGlobalSection
EndGlobal
